<?xml version="1.0" encoding="utf-8"?>
<Project ToolsVersion="4.0" xmlns="http://schemas.microsoft.com/developer/msbuild/2003">
  <ItemGroup>
    <Filter Include="Source Files">
      <UniqueIdentifier>{82750c4f-76f0-4345-9072-64aeb7c94e7b}</UniqueIdentifier>
      <Extensions>cpp;c;cxx;rc;def;r;odl;idl;hpj;bat</Extensions>
    </Filter>
    <Filter Include="Header Files">
      <UniqueIdentifier>{c417393b-a1e4-42f6-bb44-1d8d3a19af01}</UniqueIdentifier>
      <Extensions>h;hpp;hxx;hm;inl</Extensions>
    </Filter>
    <Filter Include="Resource Files">
      <UniqueIdentifier>{6f920ea4-5798-4070-8ddf-6697dfae9019}</UniqueIdentifier>
      <Extensions>ico;cur;bmp;dlg;rc2;rct;bin;rgs;gif;jpg;jpeg;jpe</Extensions>
    </Filter>
  </ItemGroup>
  <ItemGroup>
    <ClCompile Include="..\..\sdk\BtnST.cpp">
      <Filter>Source Files</Filter>
    </ClCompile>
    <ClCompile Include="ConfigData.cpp">
      <Filter>Source Files</Filter>
    </ClCompile>
    <ClCompile Include="ConfigDialog.cpp">
      <Filter>Source Files</Filter>
    </ClCompile>
    <ClCompile Include="exports.cpp">
      <Filter>Source Files</Filter>
    </ClCompile>
    <ClCompile Include="..\..\sdk\GroupBoxEx.cpp">
      <Filter>Source Files</Filter>
    </ClCompile>
    <ClCompile Include="KnownInfo.cpp">
      <Filter>Source Files</Filter>
    </ClCompile>
    <ClCompile Include="mod_creatureinfo.cpp">
      <Filter>Source Files</Filter>
    </ClCompile>
    <ClCompile Include="..\..\sdk\MyDialog.cpp">
      <Filter>Source Files</Filter>
    </ClCompile>
    <ClCompile Include="NameChanger.cpp">
      <Filter>Source Files</Filter>
    </ClCompile>
    <ClCompile Include="proxy.cpp">
      <Filter>Source Files</Filter>
    </ClCompile>
    <ClCompile Include="SendStats.cpp">
      <Filter>Source Files</Filter>
    </ClCompile>
    <ClCompile Include="..\..\sdk\Skin.cpp">
      <Filter>Source Files</Filter>
    </ClCompile>
    <ClCompile Include="StdAfx.cpp">
      <Filter>Source Files</Filter>
    </ClCompile>
    <ClCompile Include="TibiaItem_impl.cpp">
      <Filter>Source Files</Filter>
    </ClCompile>
    <ClCompile Include="Util.cpp">
      <Filter>Source Files</Filter>
    </ClCompile>
  </ItemGroup>
  <ItemGroup>
    <ResourceCompile Include="mod_creatureinfo.rc">
      <Filter>Source Files</Filter>
    </ResourceCompile>
  </ItemGroup>
  <ItemGroup>
    <ClInclude Include="ConfigData.h">
      <Filter>Header Files</Filter>
    </ClInclude>
    <ClInclude Include="ConfigDialog.h">
      <Filter>Header Files</Filter>
    </ClInclude>
    <ClInclude Include="..\..\sdk\GroupBoxEx.h">
      <Filter>Header Files</Filter>
    </ClInclude>
    <ClInclude Include="KnownInfo.h">
      <Filter>Header Files</Filter>
    </ClInclude>
    <ClInclude Include="mod_creatureinfo.h">
      <Filter>Header Files</Filter>
    </ClInclude>
    <ClInclude Include="..\..\sdk\MyDialog.h">
      <Filter>Header Files</Filter>
    </ClInclude>
    <ClInclude Include="NameChanger.h">
      <Filter>Header Files</Filter>
    </ClInclude>
    <ClInclude Include="Resource.h">
      <Filter>Header Files</Filter>
    </ClInclude>
    <ClInclude Include="SendStats.h">
      <Filter>Header Files</Filter>
    </ClInclude>
    <ClInclude Include="StdAfx.h">
      <Filter>Header Files</Filter>
    </ClInclude>
    <ClInclude Include="Util.h">
      <Filter>Header Files</Filter>
    </ClInclude>
  </ItemGroup>
  <ItemGroup>
    <Text Include="ReadMe.txt" />
  </ItemGroup>
  <ItemGroup>
    <CustomBuild Include="mod_creatureinfo.def">
      <Filter>Source Files</Filter>
    </CustomBuild>
    <CustomBuild Include="res\mod_creatureinfo.rc2">
      <Filter>Resource Files</Filter>
    </CustomBuild>
  </ItemGroup>
</Project>