
Microsoft Visual Studio Solution File, Format Version 9.00
# Visual C++ Express 2005
Project("{8BC9CEB8-8B4A-11D0-8D11-00A0C91BC942}") = "alice", "..\tibiaauto-pub\alice\alice.vcproj", "{127222F4-565F-4398-94E1-865B7EAF3B56}"
EndProject
Project("{8BC9CEB8-8B4A-11D0-8D11-00A0C91BC942}") = "mod_aim", "..\tibiaauto-pub\mods\mod_aim\mod_aim.vcproj", "{6B287844-D897-43A7-8B88-B3764EC57D3C}"
EndProject
Project("{8BC9CEB8-8B4A-11D0-8D11-00A0C91BC942}") = "mod_antylogout", "..\tibiaauto-pub\mods\mod_antylogout\mod_antylogout.vcproj", "{CA5B9249-1894-43D1-92EA-E44E10BD513B}"
EndProject
Project("{8BC9CEB8-8B4A-11D0-8D11-00A0C91BC942}") = "mod_autogo", "..\tibiaauto-pub\mods\mod_autogo\mod_autogo.vcproj", "{A98BB4CE-6F86-43E4-92D8-7E921647D25F}"
EndProject
Project("{8BC9CEB8-8B4A-11D0-8D11-00A0C91BC942}") = "mod_cavebot", "..\tibiaauto-pub\mods\mod_cavebot\mod_cavebot.vcproj", "{40256B8D-3177-4A6C-9C5D-B3A6982098FC}"
EndProject
Project("{8BC9CEB8-8B4A-11D0-8D11-00A0C91BC942}") = "mod_creatureinfo", "..\tibiaauto-pub\mods\mod_creatureinfo\mod_creatureinfo.vcproj", "{775294EC-8AF5-4377-862F-BF8669CBB09C}"
EndProject
Project("{8BC9CEB8-8B4A-11D0-8D11-00A0C91BC942}") = "mod_eater", "..\tibiaauto-pub\mods\mod_eater\mod_eater.vcproj", "{AA1B3161-8D9D-4A03-A823-4F0D1D24C37A}"
EndProject
Project("{8BC9CEB8-8B4A-11D0-8D11-00A0C91BC942}") = "mod_fisher", "..\tibiaauto-pub\mods\mod_fisher\mod_fisher.vcproj", "{8F244F2D-60FD-486E-B688-4AB16FB45318}"
EndProject
Project("{8BC9CEB8-8B4A-11D0-8D11-00A0C91BC942}") = "mod_fluid", "..\tibiaauto-pub\mods\mod_fluid\mod_fluid.vcproj", "{7C083C34-A444-464E-9F07-3F3F9C32EAE1}"
EndProject
Project("{8BC9CEB8-8B4A-11D0-8D11-00A0C91BC942}") = "mod_fps", "..\tibiaauto-pub\mods\mod_fps\mod_fps.vcproj", "{B2FADA98-31A3-4345-B574-C805289B4BDE}"
EndProject
Project("{8BC9CEB8-8B4A-11D0-8D11-00A0C91BC942}") = "mod_grouping", "..\tibiaauto-pub\mods\mod_grouping\mod_grouping.vcproj", "{4F7A0CBB-FDAE-4399-AC12-0FFE38872A40}"
EndProject
Project("{8BC9CEB8-8B4A-11D0-8D11-00A0C91BC942}") = "mod_itemconfig", "..\tibiaauto-pub\mods\mod_itemconfig\mod_itemconfig.vcproj", "{88FD41FA-96B7-444B-B56C-3034C1A1DBC2}"
EndProject
Project("{8BC9CEB8-8B4A-11D0-8D11-00A0C91BC942}") = "mod_light", "..\tibiaauto-pub\mods\mod_light\mod_light.vcproj", "{9C0F1318-225E-48D9-9B99-924CF70DD726}"
EndProject
Project("{8BC9CEB8-8B4A-11D0-8D11-00A0C91BC942}") = "mod_looter", "..\tibiaauto-pub\mods\mod_looter\mod_looter.vcproj", "{D67AFA2D-D205-4A32-A359-570BDBC3B8E5}"
EndProject
Project("{8BC9CEB8-8B4A-11D0-8D11-00A0C91BC942}") = "mod_maphack", "..\tibiaauto-pub\mods\mod_maphack\mod_maphack.vcproj", "{EEC84FD4-44E1-4518-A6CC-26A124219030}"
EndProject
Project("{8BC9CEB8-8B4A-11D0-8D11-00A0C91BC942}") = "mod_memdebug", "..\tibiaauto-pub\mods\mod_memdebug\mod_memdebug.vcproj", "{3C1AC4B3-48A3-47AE-A510-5BE1DE22E1AF}"
EndProject
Project("{8BC9CEB8-8B4A-11D0-8D11-00A0C91BC942}") = "mod_monstershow", "..\tibiaauto-pub\mods\mod_monstershow\mod_monstershow.vcproj", "{90521590-BDB5-4418-9EE2-431521258540}"
EndProject
Project("{8BC9CEB8-8B4A-11D0-8D11-00A0C91BC942}") = "mod_playerinfo", "..\tibiaauto-pub\mods\mod_playerinfo\mod_playerinfo.vcproj", "{5D6D5F80-190B-4766-97C3-A421309EAE36}"
EndProject
Project("{8BC9CEB8-8B4A-11D0-8D11-00A0C91BC942}") = "mod_responder", "..\tibiaauto-pub\mods\mod_responder\mod_responder.vcproj", "{AE9BBFD3-867C-4935-95A0-D660FC83939A}"
EndProject
Project("{8BC9CEB8-8B4A-11D0-8D11-00A0C91BC942}") = "mod_restack", "..\tibiaauto-pub\mods\mod_restack\mod_restack.vcproj", "{885D4F64-0FD0-4015-BFF1-773F4CAC78DA}"
EndProject
Project("{8BC9CEB8-8B4A-11D0-8D11-00A0C91BC942}") = "mod_runemaker", "..\tibiaauto-pub\mods\mod_runemaker\mod_runemaker.vcproj", "{19B2A643-B32D-4145-B5DC-995CCD65C585}"
EndProject
Project("{8BC9CEB8-8B4A-11D0-8D11-00A0C91BC942}") = "mod_showmap", "..\tibiaauto-pub\mods\mod_showmap\mod_showmap.vcproj", "{38D45C34-6BC0-4D74-BD4C-C85128828E5C}"
EndProject
Project("{8BC9CEB8-8B4A-11D0-8D11-00A0C91BC942}") = "mod_spellcaster", "..\tibiaauto-pub\mods\mod_spellcaster\mod_spellcaster.vcproj", "{51CCEB8C-9A9E-4E73-B13A-4C4D26842A2C}"
EndProject
Project("{8BC9CEB8-8B4A-11D0-8D11-00A0C91BC942}") = "mod_team", "..\tibiaauto-pub\mods\mod_team\mod_team.vcproj", "{CC7209E4-FFEE-44BF-8452-FFCF6E8FA36F}"
EndProject
Project("{8BC9CEB8-8B4A-11D0-8D11-00A0C91BC942}") = "mod_trademon", "..\tibiaauto-pub\mods\mod_trademon\mod_trademon.vcproj", "{46DDFDCF-6E65-4287-936C-CA4F3C5CC6F7}"
EndProject
Project("{8BC9CEB8-8B4A-11D0-8D11-00A0C91BC942}") = "mod_uh", "..\tibiaauto-pub\mods\mod_uh\mod_uh.vcproj", "{269858C5-8A38-4026-93AD-DB4BB8509E0F}"
EndProject
Project("{8BC9CEB8-8B4A-11D0-8D11-00A0C91BC942}") = "tibiaauto", "tibiaauto.vcproj", "{C3C8F441-D2CC-4F8A-BCB9-8B56285B6449}"
	ProjectSection(ProjectDependencies) = postProject
		{B2FADA98-31A3-4345-B574-C805289B4BDE} = {B2FADA98-31A3-4345-B574-C805289B4BDE}
		{CA5B9249-1894-43D1-92EA-E44E10BD513B} = {CA5B9249-1894-43D1-92EA-E44E10BD513B}
		{CC7209E4-FFEE-44BF-8452-FFCF6E8FA36F} = {CC7209E4-FFEE-44BF-8452-FFCF6E8FA36F}
		{C9AB13DC-1BD6-4BBE-9F3A-5EEBC37DFB52} = {C9AB13DC-1BD6-4BBE-9F3A-5EEBC37DFB52}
		{607610BE-DA86-4153-84C4-ABED2569F815} = {607610BE-DA86-4153-84C4-ABED2569F815}
		{906DEF01-910A-4999-9BD0-EB4A8E442114} = {906DEF01-910A-4999-9BD0-EB4A8E442114}
		{269858C5-8A38-4026-93AD-DB4BB8509E0F} = {269858C5-8A38-4026-93AD-DB4BB8509E0F}
		{46DDFDCF-6E65-4287-936C-CA4F3C5CC6F7} = {46DDFDCF-6E65-4287-936C-CA4F3C5CC6F7}
		{51CCEB8C-9A9E-4E73-B13A-4C4D26842A2C} = {51CCEB8C-9A9E-4E73-B13A-4C4D26842A2C}
		{38D45C34-6BC0-4D74-BD4C-C85128828E5C} = {38D45C34-6BC0-4D74-BD4C-C85128828E5C}
		{19B2A643-B32D-4145-B5DC-995CCD65C585} = {19B2A643-B32D-4145-B5DC-995CCD65C585}
		{885D4F64-0FD0-4015-BFF1-773F4CAC78DA} = {885D4F64-0FD0-4015-BFF1-773F4CAC78DA}
		{AE9BBFD3-867C-4935-95A0-D660FC83939A} = {AE9BBFD3-867C-4935-95A0-D660FC83939A}
		{5D6D5F80-190B-4766-97C3-A421309EAE36} = {5D6D5F80-190B-4766-97C3-A421309EAE36}
		{90521590-BDB5-4418-9EE2-431521258540} = {90521590-BDB5-4418-9EE2-431521258540}
		{3C1AC4B3-48A3-47AE-A510-5BE1DE22E1AF} = {3C1AC4B3-48A3-47AE-A510-5BE1DE22E1AF}
		{EEC84FD4-44E1-4518-A6CC-26A124219030} = {EEC84FD4-44E1-4518-A6CC-26A124219030}
		{D67AFA2D-D205-4A32-A359-570BDBC3B8E5} = {D67AFA2D-D205-4A32-A359-570BDBC3B8E5}
		{9C0F1318-225E-48D9-9B99-924CF70DD726} = {9C0F1318-225E-48D9-9B99-924CF70DD726}
		{88FD41FA-96B7-444B-B56C-3034C1A1DBC2} = {88FD41FA-96B7-444B-B56C-3034C1A1DBC2}
		{4F7A0CBB-FDAE-4399-AC12-0FFE38872A40} = {4F7A0CBB-FDAE-4399-AC12-0FFE38872A40}
		{7C083C34-A444-464E-9F07-3F3F9C32EAE1} = {7C083C34-A444-464E-9F07-3F3F9C32EAE1}
		{8F244F2D-60FD-486E-B688-4AB16FB45318} = {8F244F2D-60FD-486E-B688-4AB16FB45318}
		{AA1B3161-8D9D-4A03-A823-4F0D1D24C37A} = {AA1B3161-8D9D-4A03-A823-4F0D1D24C37A}
		{775294EC-8AF5-4377-862F-BF8669CBB09C} = {775294EC-8AF5-4377-862F-BF8669CBB09C}
		{40256B8D-3177-4A6C-9C5D-B3A6982098FC} = {40256B8D-3177-4A6C-9C5D-B3A6982098FC}
		{A98BB4CE-6F86-43E4-92D8-7E921647D25F} = {A98BB4CE-6F86-43E4-92D8-7E921647D25F}
		{6B287844-D897-43A7-8B88-B3764EC57D3C} = {6B287844-D897-43A7-8B88-B3764EC57D3C}
		{127222F4-565F-4398-94E1-865B7EAF3B56} = {127222F4-565F-4398-94E1-865B7EAF3B56}
	EndProjectSection
EndProject
Project("{8BC9CEB8-8B4A-11D0-8D11-00A0C91BC942}") = "tibiaauto_util", "tibiaauto_util\tibiaauto_util.vcproj", "{906DEF01-910A-4999-9BD0-EB4A8E442114}"
EndProject
Project("{8BC9CEB8-8B4A-11D0-8D11-00A0C91BC942}") = "tibiaautoinject2", "tibiaautoinject2\tibiaautoinject2.vcproj", "{607610BE-DA86-4153-84C4-ABED2569F815}"
EndProject
Project("{8BC9CEB8-8B4A-11D0-8D11-00A0C91BC942}") = "tre", "..\tibiaauto-pub\tre\win32\tre.vcproj", "{C9AB13DC-1BD6-4BBE-9F3A-5EEBC37DFB52}"
EndProject
Global
	GlobalSection(SolutionConfigurationPlatforms) = preSolution
		Debug|Win32 = Debug|Win32
		Release|Win32 = Release|Win32
	EndGlobalSection
	GlobalSection(ProjectConfigurationPlatforms) = postSolution
		{127222F4-565F-4398-94E1-865B7EAF3B56}.Debug|Win32.ActiveCfg = Debug|Win32
		{127222F4-565F-4398-94E1-865B7EAF3B56}.Debug|Win32.Build.0 = Debug|Win32
		{127222F4-565F-4398-94E1-865B7EAF3B56}.Release|Win32.ActiveCfg = Release|Win32
		{127222F4-565F-4398-94E1-865B7EAF3B56}.Release|Win32.Build.0 = Release|Win32
		{6B287844-D897-43A7-8B88-B3764EC57D3C}.Debug|Win32.ActiveCfg = Debug|Win32
		{6B287844-D897-43A7-8B88-B3764EC57D3C}.Debug|Win32.Build.0 = Debug|Win32
		{6B287844-D897-43A7-8B88-B3764EC57D3C}.Release|Win32.ActiveCfg = Release|Win32
		{6B287844-D897-43A7-8B88-B3764EC57D3C}.Release|Win32.Build.0 = Release|Win32
		{CA5B9249-1894-43D1-92EA-E44E10BD513B}.Debug|Win32.ActiveCfg = Debug|Win32
		{CA5B9249-1894-43D1-92EA-E44E10BD513B}.Debug|Win32.Build.0 = Debug|Win32
		{CA5B9249-1894-43D1-92EA-E44E10BD513B}.Release|Win32.ActiveCfg = Release|Win32
		{CA5B9249-1894-43D1-92EA-E44E10BD513B}.Release|Win32.Build.0 = Release|Win32
		{A98BB4CE-6F86-43E4-92D8-7E921647D25F}.Debug|Win32.ActiveCfg = Debug|Win32
		{A98BB4CE-6F86-43E4-92D8-7E921647D25F}.Debug|Win32.Build.0 = Debug|Win32
		{A98BB4CE-6F86-43E4-92D8-7E921647D25F}.Release|Win32.ActiveCfg = Release|Win32
		{A98BB4CE-6F86-43E4-92D8-7E921647D25F}.Release|Win32.Build.0 = Release|Win32
		{40256B8D-3177-4A6C-9C5D-B3A6982098FC}.Debug|Win32.ActiveCfg = Debug|Win32
		{40256B8D-3177-4A6C-9C5D-B3A6982098FC}.Debug|Win32.Build.0 = Debug|Win32
		{40256B8D-3177-4A6C-9C5D-B3A6982098FC}.Release|Win32.ActiveCfg = Release|Win32
		{40256B8D-3177-4A6C-9C5D-B3A6982098FC}.Release|Win32.Build.0 = Release|Win32
		{775294EC-8AF5-4377-862F-BF8669CBB09C}.Debug|Win32.ActiveCfg = Debug|Win32
		{775294EC-8AF5-4377-862F-BF8669CBB09C}.Debug|Win32.Build.0 = Debug|Win32
		{775294EC-8AF5-4377-862F-BF8669CBB09C}.Release|Win32.ActiveCfg = Release|Win32
		{775294EC-8AF5-4377-862F-BF8669CBB09C}.Release|Win32.Build.0 = Release|Win32
		{AA1B3161-8D9D-4A03-A823-4F0D1D24C37A}.Debug|Win32.ActiveCfg = Debug|Win32
		{AA1B3161-8D9D-4A03-A823-4F0D1D24C37A}.Debug|Win32.Build.0 = Debug|Win32
		{AA1B3161-8D9D-4A03-A823-4F0D1D24C37A}.Release|Win32.ActiveCfg = Release|Win32
		{AA1B3161-8D9D-4A03-A823-4F0D1D24C37A}.Release|Win32.Build.0 = Release|Win32
		{8F244F2D-60FD-486E-B688-4AB16FB45318}.Debug|Win32.ActiveCfg = Debug|Win32
		{8F244F2D-60FD-486E-B688-4AB16FB45318}.Debug|Win32.Build.0 = Debug|Win32
		{8F244F2D-60FD-486E-B688-4AB16FB45318}.Release|Win32.ActiveCfg = Release|Win32
		{8F244F2D-60FD-486E-B688-4AB16FB45318}.Release|Win32.Build.0 = Release|Win32
		{7C083C34-A444-464E-9F07-3F3F9C32EAE1}.Debug|Win32.ActiveCfg = Debug|Win32
		{7C083C34-A444-464E-9F07-3F3F9C32EAE1}.Debug|Win32.Build.0 = Debug|Win32
		{7C083C34-A444-464E-9F07-3F3F9C32EAE1}.Release|Win32.ActiveCfg = Release|Win32
		{7C083C34-A444-464E-9F07-3F3F9C32EAE1}.Release|Win32.Build.0 = Release|Win32
		{B2FADA98-31A3-4345-B574-C805289B4BDE}.Debug|Win32.ActiveCfg = Debug|Win32
		{B2FADA98-31A3-4345-B574-C805289B4BDE}.Debug|Win32.Build.0 = Debug|Win32
		{B2FADA98-31A3-4345-B574-C805289B4BDE}.Release|Win32.ActiveCfg = Release|Win32
		{B2FADA98-31A3-4345-B574-C805289B4BDE}.Release|Win32.Build.0 = Release|Win32
		{4F7A0CBB-FDAE-4399-AC12-0FFE38872A40}.Debug|Win32.ActiveCfg = Debug|Win32
		{4F7A0CBB-FDAE-4399-AC12-0FFE38872A40}.Debug|Win32.Build.0 = Debug|Win32
		{4F7A0CBB-FDAE-4399-AC12-0FFE38872A40}.Release|Win32.ActiveCfg = Release|Win32
		{4F7A0CBB-FDAE-4399-AC12-0FFE38872A40}.Release|Win32.Build.0 = Release|Win32
		{88FD41FA-96B7-444B-B56C-3034C1A1DBC2}.Debug|Win32.ActiveCfg = Debug|Win32
		{88FD41FA-96B7-444B-B56C-3034C1A1DBC2}.Debug|Win32.Build.0 = Debug|Win32
		{88FD41FA-96B7-444B-B56C-3034C1A1DBC2}.Release|Win32.ActiveCfg = Release|Win32
		{88FD41FA-96B7-444B-B56C-3034C1A1DBC2}.Release|Win32.Build.0 = Release|Win32
		{9C0F1318-225E-48D9-9B99-924CF70DD726}.Debug|Win32.ActiveCfg = Debug|Win32
		{9C0F1318-225E-48D9-9B99-924CF70DD726}.Debug|Win32.Build.0 = Debug|Win32
		{9C0F1318-225E-48D9-9B99-924CF70DD726}.Release|Win32.ActiveCfg = Release|Win32
		{9C0F1318-225E-48D9-9B99-924CF70DD726}.Release|Win32.Build.0 = Release|Win32
		{D67AFA2D-D205-4A32-A359-570BDBC3B8E5}.Debug|Win32.ActiveCfg = Debug|Win32
		{D67AFA2D-D205-4A32-A359-570BDBC3B8E5}.Debug|Win32.Build.0 = Debug|Win32
		{D67AFA2D-D205-4A32-A359-570BDBC3B8E5}.Release|Win32.ActiveCfg = Release|Win32
		{D67AFA2D-D205-4A32-A359-570BDBC3B8E5}.Release|Win32.Build.0 = Release|Win32
		{EEC84FD4-44E1-4518-A6CC-26A124219030}.Debug|Win32.ActiveCfg = Debug|Win32
		{EEC84FD4-44E1-4518-A6CC-26A124219030}.Debug|Win32.Build.0 = Debug|Win32
		{EEC84FD4-44E1-4518-A6CC-26A124219030}.Release|Win32.ActiveCfg = Release|Win32
		{EEC84FD4-44E1-4518-A6CC-26A124219030}.Release|Win32.Build.0 = Release|Win32
		{3C1AC4B3-48A3-47AE-A510-5BE1DE22E1AF}.Debug|Win32.ActiveCfg = Debug|Win32
		{3C1AC4B3-48A3-47AE-A510-5BE1DE22E1AF}.Debug|Win32.Build.0 = Debug|Win32
		{3C1AC4B3-48A3-47AE-A510-5BE1DE22E1AF}.Release|Win32.ActiveCfg = Release|Win32
		{3C1AC4B3-48A3-47AE-A510-5BE1DE22E1AF}.Release|Win32.Build.0 = Release|Win32
		{90521590-BDB5-4418-9EE2-431521258540}.Debug|Win32.ActiveCfg = Debug|Win32
		{90521590-BDB5-4418-9EE2-431521258540}.Debug|Win32.Build.0 = Debug|Win32
		{90521590-BDB5-4418-9EE2-431521258540}.Release|Win32.ActiveCfg = Release|Win32
		{90521590-BDB5-4418-9EE2-431521258540}.Release|Win32.Build.0 = Release|Win32
		{5D6D5F80-190B-4766-97C3-A421309EAE36}.Debug|Win32.ActiveCfg = Debug|Win32
		{5D6D5F80-190B-4766-97C3-A421309EAE36}.Debug|Win32.Build.0 = Debug|Win32
		{5D6D5F80-190B-4766-97C3-A421309EAE36}.Release|Win32.ActiveCfg = Release|Win32
		{5D6D5F80-190B-4766-97C3-A421309EAE36}.Release|Win32.Build.0 = Release|Win32
		{AE9BBFD3-867C-4935-95A0-D660FC83939A}.Debug|Win32.ActiveCfg = Debug|Win32
		{AE9BBFD3-867C-4935-95A0-D660FC83939A}.Debug|Win32.Build.0 = Debug|Win32
		{AE9BBFD3-867C-4935-95A0-D660FC83939A}.Release|Win32.ActiveCfg = Release|Win32
		{AE9BBFD3-867C-4935-95A0-D660FC83939A}.Release|Win32.Build.0 = Release|Win32
		{885D4F64-0FD0-4015-BFF1-773F4CAC78DA}.Debug|Win32.ActiveCfg = Debug|Win32
		{885D4F64-0FD0-4015-BFF1-773F4CAC78DA}.Debug|Win32.Build.0 = Debug|Win32
		{885D4F64-0FD0-4015-BFF1-773F4CAC78DA}.Release|Win32.ActiveCfg = Release|Win32
		{885D4F64-0FD0-4015-BFF1-773F4CAC78DA}.Release|Win32.Build.0 = Release|Win32
		{19B2A643-B32D-4145-B5DC-995CCD65C585}.Debug|Win32.ActiveCfg = Debug|Win32
		{19B2A643-B32D-4145-B5DC-995CCD65C585}.Debug|Win32.Build.0 = Debug|Win32
		{19B2A643-B32D-4145-B5DC-995CCD65C585}.Release|Win32.ActiveCfg = Release|Win32
		{19B2A643-B32D-4145-B5DC-995CCD65C585}.Release|Win32.Build.0 = Release|Win32
		{38D45C34-6BC0-4D74-BD4C-C85128828E5C}.Debug|Win32.ActiveCfg = Debug|Win32
		{38D45C34-6BC0-4D74-BD4C-C85128828E5C}.Debug|Win32.Build.0 = Debug|Win32
		{38D45C34-6BC0-4D74-BD4C-C85128828E5C}.Release|Win32.ActiveCfg = Release|Win32
		{38D45C34-6BC0-4D74-BD4C-C85128828E5C}.Release|Win32.Build.0 = Release|Win32
		{51CCEB8C-9A9E-4E73-B13A-4C4D26842A2C}.Debug|Win32.ActiveCfg = Debug|Win32
		{51CCEB8C-9A9E-4E73-B13A-4C4D26842A2C}.Debug|Win32.Build.0 = Debug|Win32
		{51CCEB8C-9A9E-4E73-B13A-4C4D26842A2C}.Release|Win32.ActiveCfg = Release|Win32
		{51CCEB8C-9A9E-4E73-B13A-4C4D26842A2C}.Release|Win32.Build.0 = Release|Win32
		{CC7209E4-FFEE-44BF-8452-FFCF6E8FA36F}.Debug|Win32.ActiveCfg = Debug|Win32
		{CC7209E4-FFEE-44BF-8452-FFCF6E8FA36F}.Debug|Win32.Build.0 = Debug|Win32
		{CC7209E4-FFEE-44BF-8452-FFCF6E8FA36F}.Release|Win32.ActiveCfg = Release|Win32
		{CC7209E4-FFEE-44BF-8452-FFCF6E8FA36F}.Release|Win32.Build.0 = Release|Win32
		{46DDFDCF-6E65-4287-936C-CA4F3C5CC6F7}.Debug|Win32.ActiveCfg = Debug|Win32
		{46DDFDCF-6E65-4287-936C-CA4F3C5CC6F7}.Debug|Win32.Build.0 = Debug|Win32
		{46DDFDCF-6E65-4287-936C-CA4F3C5CC6F7}.Release|Win32.ActiveCfg = Release|Win32
		{46DDFDCF-6E65-4287-936C-CA4F3C5CC6F7}.Release|Win32.Build.0 = Release|Win32
		{269858C5-8A38-4026-93AD-DB4BB8509E0F}.Debug|Win32.ActiveCfg = Debug|Win32
		{269858C5-8A38-4026-93AD-DB4BB8509E0F}.Debug|Win32.Build.0 = Debug|Win32
		{269858C5-8A38-4026-93AD-DB4BB8509E0F}.Release|Win32.ActiveCfg = Release|Win32
		{269858C5-8A38-4026-93AD-DB4BB8509E0F}.Release|Win32.Build.0 = Release|Win32
		{C3C8F441-D2CC-4F8A-BCB9-8B56285B6449}.Debug|Win32.ActiveCfg = Debug|Win32
		{C3C8F441-D2CC-4F8A-BCB9-8B56285B6449}.Debug|Win32.Build.0 = Debug|Win32
		{C3C8F441-D2CC-4F8A-BCB9-8B56285B6449}.Release|Win32.ActiveCfg = Release|Win32
		{C3C8F441-D2CC-4F8A-BCB9-8B56285B6449}.Release|Win32.Build.0 = Release|Win32
		{906DEF01-910A-4999-9BD0-EB4A8E442114}.Debug|Win32.ActiveCfg = Debug|Win32
		{906DEF01-910A-4999-9BD0-EB4A8E442114}.Debug|Win32.Build.0 = Debug|Win32
		{906DEF01-910A-4999-9BD0-EB4A8E442114}.Release|Win32.ActiveCfg = Release|Win32
		{906DEF01-910A-4999-9BD0-EB4A8E442114}.Release|Win32.Build.0 = Release|Win32
		{607610BE-DA86-4153-84C4-ABED2569F815}.Debug|Win32.ActiveCfg = Debug|Win32
		{607610BE-DA86-4153-84C4-ABED2569F815}.Debug|Win32.Build.0 = Debug|Win32
		{607610BE-DA86-4153-84C4-ABED2569F815}.Release|Win32.ActiveCfg = Release|Win32
		{607610BE-DA86-4153-84C4-ABED2569F815}.Release|Win32.Build.0 = Release|Win32
		{C9AB13DC-1BD6-4BBE-9F3A-5EEBC37DFB52}.Debug|Win32.ActiveCfg = Debug|Win32
		{C9AB13DC-1BD6-4BBE-9F3A-5EEBC37DFB52}.Debug|Win32.Build.0 = Debug|Win32
		{C9AB13DC-1BD6-4BBE-9F3A-5EEBC37DFB52}.Release|Win32.ActiveCfg = Release|Win32
		{C9AB13DC-1BD6-4BBE-9F3A-5EEBC37DFB52}.Release|Win32.Build.0 = Release|Win32
	EndGlobalSection
	GlobalSection(SolutionProperties) = preSolution
		HideSolutionNode = FALSE
	EndGlobalSection
EndGlobal
