<?xml version="1.0" encoding="utf-8"?>
<Project ToolsVersion="4.0" xmlns="http://schemas.microsoft.com/developer/msbuild/2003">
  <ItemGroup>
    <Filter Include="Source Files">
      <UniqueIdentifier>{4FC737F1-C7A5-4376-A066-2A32D752A2FF}</UniqueIdentifier>
      <Extensions>cpp;c;cc;cxx;def;odl;idl;hpj;bat;asm;asmx</Extensions>
    </Filter>
    <Filter Include="Header Files">
      <UniqueIdentifier>{93995380-89BD-4b04-88EB-625FBE52EBFB}</UniqueIdentifier>
      <Extensions>h;hh;hpp;hxx;hm;inl;inc;xsd</Extensions>
    </Filter>
    <Filter Include="Resource Files">
      <UniqueIdentifier>{67DA6AB6-F800-4c08-8B7A-83BB121AAD01}</UniqueIdentifier>
      <Extensions>rc;ico;cur;bmp;dlg;rc2;rct;bin;rgs;gif;jpg;jpeg;jpe;resx;tiff;tif;png;wav;mfcribbon-ms</Extensions>
    </Filter>
  </ItemGroup>
  <ItemGroup>
    <ClInclude Include="PackSenderProxy.h">
      <Filter>Header Files</Filter>
    </ClInclude>
    <ClInclude Include="PQI.h">
      <Filter>Header Files</Filter>
    </ClInclude>
    <ClInclude Include="Queue.h">
      <Filter>Header Files</Filter>
    </ClInclude>
    <ClInclude Include="RegexpProxy.h">
      <Filter>Header Files</Filter>
    </ClInclude>
    <ClInclude Include="RepeatButton.h">
      <Filter>Header Files</Filter>
    </ClInclude>
    <ClInclude Include="Skin.h">
      <Filter>Header Files</Filter>
    </ClInclude>
    <ClInclude Include="SliderCtrlEx.h">
      <Filter>Header Files</Filter>
    </ClInclude>
    <ClInclude Include="TAMiniMapProxy.h">
      <Filter>Header Files</Filter>
    </ClInclude>
    <ClInclude Include="tibiaauto_utilfun.h">
      <Filter>Header Files</Filter>
    </ClInclude>
    <ClInclude Include="TibiaCharacter.h">
      <Filter>Header Files</Filter>
    </ClInclude>
    <ClInclude Include="TibiaContainer.h">
      <Filter>Header Files</Filter>
    </ClInclude>
    <ClInclude Include="TibiaItem.h">
      <Filter>Header Files</Filter>
    </ClInclude>
    <ClInclude Include="TibiaItemProxy.h">
      <Filter>Header Files</Filter>
    </ClInclude>
    <ClInclude Include="TibiaMapPoint.h">
      <Filter>Header Files</Filter>
    </ClInclude>
    <ClInclude Include="TibiaMapProxy.h">
      <Filter>Header Files</Filter>
    </ClInclude>
    <ClInclude Include="TibiaMiniMap.h">
      <Filter>Header Files</Filter>
    </ClInclude>
    <ClInclude Include="TibiaMiniMapLabel.h">
      <Filter>Header Files</Filter>
    </ClInclude>
    <ClInclude Include="TibiaMiniMapPoint.h">
      <Filter>Header Files</Filter>
    </ClInclude>
    <ClInclude Include="TibiaStructures.h">
      <Filter>Header Files</Filter>
    </ClInclude>
    <ClInclude Include="TibiaTile.h">
      <Filter>Header Files</Filter>
    </ClInclude>
    <ClInclude Include="TibiaVIPEntry.h">
      <Filter>Header Files</Filter>
    </ClInclude>
    <ClInclude Include="XTabCtrl.h">
      <Filter>Header Files</Filter>
    </ClInclude>
    <ClInclude Include="AliceProxy.h">
      <Filter>Header Files</Filter>
    </ClInclude>
    <ClInclude Include="BtnST.h">
      <Filter>Header Files</Filter>
    </ClInclude>
    <ClInclude Include="CheckBox.h">
      <Filter>Header Files</Filter>
    </ClInclude>
    <ClInclude Include="ComboBoxSuper.h">
      <Filter>Header Files</Filter>
    </ClInclude>
    <ClInclude Include="CreaturesReaderProxy.h">
      <Filter>Header Files</Filter>
    </ClInclude>
    <ClInclude Include="deelx.h">
      <Filter>Header Files</Filter>
    </ClInclude>
    <ClInclude Include="GroupBoxEx.h">
      <Filter>Header Files</Filter>
    </ClInclude>
    <ClInclude Include="IModuleInterface.h">
      <Filter>Header Files</Filter>
    </ClInclude>
    <ClInclude Include="IPCBackPipeProxy.h">
      <Filter>Header Files</Filter>
    </ClInclude>
    <ClInclude Include="ipcm.h">
      <Filter>Header Files</Filter>
    </ClInclude>
    <ClInclude Include="MemConstData.h">
      <Filter>Header Files</Filter>
    </ClInclude>
    <ClInclude Include="MemReaderProxy.h">
      <Filter>Header Files</Filter>
    </ClInclude>
    <ClInclude Include="ModuleUtil.h">
      <Filter>Header Files</Filter>
    </ClInclude>
    <ClInclude Include="MyDialog.h">
      <Filter>Header Files</Filter>
    </ClInclude>
    <ClInclude Include="modules\playerinfo.h">
      <Filter>Header Files</Filter>
    </ClInclude>
  </ItemGroup>
  <ItemGroup>
    <ClCompile Include="AliceProxy.cpp">
      <Filter>Source Files</Filter>
    </ClCompile>
    <ClCompile Include="BtnST.cpp">
      <Filter>Source Files</Filter>
    </ClCompile>
    <ClCompile Include="CheckBox.cpp">
      <Filter>Source Files</Filter>
    </ClCompile>
    <ClCompile Include="ComboBoxSuper.cpp">
      <Filter>Source Files</Filter>
    </ClCompile>
    <ClCompile Include="CreaturesReaderProxy.cpp">
      <Filter>Source Files</Filter>
    </ClCompile>
    <ClCompile Include="exports.cpp">
      <Filter>Source Files</Filter>
    </ClCompile>
    <ClCompile Include="GroupBoxEx.cpp">
      <Filter>Source Files</Filter>
    </ClCompile>
    <ClCompile Include="IModuleInterface.cpp">
      <Filter>Source Files</Filter>
    </ClCompile>
    <ClCompile Include="IPCBackPipeProxy.cpp">
      <Filter>Source Files</Filter>
    </ClCompile>
    <ClCompile Include="MemConstData.cpp">
      <Filter>Source Files</Filter>
    </ClCompile>
    <ClCompile Include="MemReaderProxy.cpp">
      <Filter>Source Files</Filter>
    </ClCompile>
    <ClCompile Include="ModuleUtil.cpp">
      <Filter>Source Files</Filter>
    </ClCompile>
    <ClCompile Include="MyDialog.cpp">
      <Filter>Source Files</Filter>
    </ClCompile>
    <ClCompile Include="PackSenderProxy.cpp">
      <Filter>Source Files</Filter>
    </ClCompile>
    <ClCompile Include="proxy.cpp">
      <Filter>Source Files</Filter>
    </ClCompile>
    <ClCompile Include="Queue.cpp">
      <Filter>Source Files</Filter>
    </ClCompile>
    <ClCompile Include="RegexpProxy.cpp">
      <Filter>Source Files</Filter>
    </ClCompile>
    <ClCompile Include="RepeatButton.cpp">
      <Filter>Source Files</Filter>
    </ClCompile>
    <ClCompile Include="Skin.cpp">
      <Filter>Source Files</Filter>
    </ClCompile>
    <ClCompile Include="SliderCtrlEx.cpp">
      <Filter>Source Files</Filter>
    </ClCompile>
    <ClCompile Include="TAMiniMapProxy.cpp">
      <Filter>Source Files</Filter>
    </ClCompile>
    <ClCompile Include="TibiaContainer.cpp">
      <Filter>Source Files</Filter>
    </ClCompile>
    <ClCompile Include="TibiaContainer_impl.cpp">
      <Filter>Source Files</Filter>
    </ClCompile>
    <ClCompile Include="TibiaItem.cpp">
      <Filter>Source Files</Filter>
    </ClCompile>
    <ClCompile Include="TibiaItem_codes.cpp">
      <Filter>Source Files</Filter>
    </ClCompile>
    <ClCompile Include="TibiaItem_impl.cpp">
      <Filter>Source Files</Filter>
    </ClCompile>
    <ClCompile Include="TibiaItemProxy.cpp">
      <Filter>Source Files</Filter>
    </ClCompile>
    <ClCompile Include="TibiaMapPoint.cpp">
      <Filter>Source Files</Filter>
    </ClCompile>
    <ClCompile Include="TibiaMapProxy.cpp">
      <Filter>Source Files</Filter>
    </ClCompile>
    <ClCompile Include="TibiaMiniMap.cpp">
      <Filter>Source Files</Filter>
    </ClCompile>
    <ClCompile Include="TibiaMiniMapLabel.cpp">
      <Filter>Source Files</Filter>
    </ClCompile>
    <ClCompile Include="TibiaMiniMapPoint.cpp">
      <Filter>Source Files</Filter>
    </ClCompile>
    <ClCompile Include="TibiaTile.cpp">
      <Filter>Source Files</Filter>
    </ClCompile>
    <ClCompile Include="XTabCtrl.cpp">
      <Filter>Source Files</Filter>
    </ClCompile>
    <ClCompile Include="extras\exports.cpp">
      <Filter>Source Files</Filter>
    </ClCompile>
    <ClCompile Include="extras\proxy.cpp">
      <Filter>Source Files</Filter>
    </ClCompile>
  </ItemGroup>
</Project>