<?xml version="1.0" encoding="utf-8"?>
<Project ToolsVersion="4.0" xmlns="http://schemas.microsoft.com/developer/msbuild/2003">
  <ItemGroup>
    <Filter Include="Source Files">
      <UniqueIdentifier>{b2ccb521-7415-4180-bbec-4e01fcde55bd}</UniqueIdentifier>
      <Extensions>cpp;c;cxx;rc;def;r;odl;idl;hpj;bat</Extensions>
    </Filter>
    <Filter Include="Header Files">
      <UniqueIdentifier>{90effc38-ebea-4c3a-8c31-df64ff02fdc7}</UniqueIdentifier>
      <Extensions>h;hpp;hxx;hm;inl</Extensions>
    </Filter>
    <Filter Include="Resource Files">
      <UniqueIdentifier>{47902d9a-f54b-44cc-b545-0ff14efe1de8}</UniqueIdentifier>
      <Extensions>ico;cur;bmp;dlg;rc2;rct;bin;rgs;gif;jpg;jpeg;jpe</Extensions>
    </Filter>
  </ItemGroup>
  <ItemGroup>
    <ClCompile Include="AimlWriter.cpp">
      <Filter>Source Files</Filter>
    </ClCompile>
    <ClCompile Include="alice.cpp">
      <Filter>Source Files</Filter>
    </ClCompile>
    <ClCompile Include="Element.cpp">
      <Filter>Source Files</Filter>
    </ClCompile>
    <ClCompile Include="FlashResponder.cpp">
      <Filter>Source Files</Filter>
    </ClCompile>
    <ClCompile Include="Handler.cpp">
      <Filter>Source Files</Filter>
    </ClCompile>
    <ClCompile Include="HTTPProcessor.cpp">
      <Filter>Source Files</Filter>
    </ClCompile>
    <ClCompile Include="IrcResponder.cpp">
      <Filter>Source Files</Filter>
    </ClCompile>
    <ClCompile Include="Kernel.cpp">
      <Filter>Source Files</Filter>
    </ClCompile>
    <ClCompile Include="Logger.cpp">
      <Filter>Source Files</Filter>
    </ClCompile>
    <ClCompile Include="Main.cpp">
      <Filter>Source Files</Filter>
    </ClCompile>
    <ClCompile Include="Match.cpp">
      <Filter>Source Files</Filter>
    </ClCompile>
    <ClCompile Include="Nodemaster.cpp">
      <Filter>Source Files</Filter>
    </ClCompile>
    <ClCompile Include="NodeWalker.cpp">
      <Filter>Source Files</Filter>
    </ClCompile>
    <ClCompile Include="Parser.cpp">
      <Filter>Source Files</Filter>
    </ClCompile>
    <ClCompile Include="PredicateEngine.cpp">
      <Filter>Source Files</Filter>
    </ClCompile>
    <ClCompile Include="PreParser.cpp">
      <Filter>Source Files</Filter>
    </ClCompile>
    <ClCompile Include="SaxParser.cpp">
      <Filter>Source Files</Filter>
    </ClCompile>
    <ClCompile Include="ServerSocket.cpp">
      <Filter>Source Files</Filter>
    </ClCompile>
    <ClCompile Include="Socket.cpp">
      <Filter>Source Files</Filter>
    </ClCompile>
    <ClCompile Include="SocketHandler.cpp">
      <Filter>Source Files</Filter>
    </ClCompile>
    <ClCompile Include="StdAfx.cpp">
      <Filter>Source Files</Filter>
    </ClCompile>
    <ClCompile Include="Stream.cpp">
      <Filter>Source Files</Filter>
    </ClCompile>
    <ClCompile Include="StringTokenizer.cpp">
      <Filter>Source Files</Filter>
    </ClCompile>
    <ClCompile Include="Substituter.cpp">
      <Filter>Source Files</Filter>
    </ClCompile>
    <ClCompile Include="Template.cpp">
      <Filter>Source Files</Filter>
    </ClCompile>
    <ClCompile Include="TemplateProcessor.cpp">
      <Filter>Source Files</Filter>
    </ClCompile>
    <ClCompile Include="TimeKeeper.cpp">
      <Filter>Source Files</Filter>
    </ClCompile>
    <ClCompile Include="TokenProxyListener.cpp">
      <Filter>Source Files</Filter>
    </ClCompile>
    <ClCompile Include="Utils.cpp">
      <Filter>Source Files</Filter>
    </ClCompile>
    <ClCompile Include="wxwindows.cpp">
      <Filter>Source Files</Filter>
    </ClCompile>
    <ClCompile Include="XmlSocketResponder.cpp">
      <Filter>Source Files</Filter>
    </ClCompile>
  </ItemGroup>
  <ItemGroup>
    <ResourceCompile Include="alice.rc">
      <Filter>Source Files</Filter>
    </ResourceCompile>
  </ItemGroup>
  <ItemGroup>
    <ClInclude Include="AimlProcessor.h">
      <Filter>Header Files</Filter>
    </ClInclude>
    <ClInclude Include="AimlWriter.h">
      <Filter>Header Files</Filter>
    </ClInclude>
    <ClInclude Include="alice.h">
      <Filter>Header Files</Filter>
    </ClInclude>
    <ClInclude Include="BotProcessor.h">
      <Filter>Header Files</Filter>
    </ClInclude>
    <ClInclude Include="Compat.h">
      <Filter>Header Files</Filter>
    </ClInclude>
    <ClInclude Include="ConditionProcessor.h">
      <Filter>Header Files</Filter>
    </ClInclude>
    <ClInclude Include="Config.h">
      <Filter>Header Files</Filter>
    </ClInclude>
    <ClInclude Include="Element.h">
      <Filter>Header Files</Filter>
    </ClInclude>
    <ClInclude Include="FlashResponder.h">
      <Filter>Header Files</Filter>
    </ClInclude>
    <ClInclude Include="FormalProcessor.h">
      <Filter>Header Files</Filter>
    </ClInclude>
    <ClInclude Include="GetProcessor.h">
      <Filter>Header Files</Filter>
    </ClInclude>
    <ClInclude Include="Handler.h">
      <Filter>Header Files</Filter>
    </ClInclude>
    <ClInclude Include="HTTPProcessor.h">
      <Filter>Header Files</Filter>
    </ClInclude>
    <ClInclude Include="IdProcessor.h">
      <Filter>Header Files</Filter>
    </ClInclude>
    <ClInclude Include="ImpExpProcessor.h">
      <Filter>Header Files</Filter>
    </ClInclude>
    <ClInclude Include="InputProcessor.h">
      <Filter>Header Files</Filter>
    </ClInclude>
    <ClInclude Include="IrcProcessor.h">
      <Filter>Header Files</Filter>
    </ClInclude>
    <ClInclude Include="IrcResponder.h">
      <Filter>Header Files</Filter>
    </ClInclude>
    <ClInclude Include="JavaScriptProcessor.h">
      <Filter>Header Files</Filter>
    </ClInclude>
    <ClInclude Include="Kernel.h">
      <Filter>Header Files</Filter>
    </ClInclude>
    <ClInclude Include="LearnProcessor.h">
      <Filter>Header Files</Filter>
    </ClInclude>
    <ClInclude Include="Logger.h">
      <Filter>Header Files</Filter>
    </ClInclude>
    <ClInclude Include="LowercaseProcessor.h">
      <Filter>Header Files</Filter>
    </ClInclude>
    <ClInclude Include="Main.h">
      <Filter>Header Files</Filter>
    </ClInclude>
    <ClInclude Include="Match.h">
      <Filter>Header Files</Filter>
    </ClInclude>
    <ClInclude Include="NameProcessor.h">
      <Filter>Header Files</Filter>
    </ClInclude>
    <ClInclude Include="Nodemapper.h">
      <Filter>Header Files</Filter>
    </ClInclude>
    <ClInclude Include="Nodemaster.h">
      <Filter>Header Files</Filter>
    </ClInclude>
    <ClInclude Include="NodeWalker.h">
      <Filter>Header Files</Filter>
    </ClInclude>
    <ClInclude Include="NormalizeProcessor.h">
      <Filter>Header Files</Filter>
    </ClInclude>
    <ClInclude Include="Parser.h">
      <Filter>Header Files</Filter>
    </ClInclude>
    <ClInclude Include="PersonProcessor.h">
      <Filter>Header Files</Filter>
    </ClInclude>
    <ClInclude Include="Pointer.h">
      <Filter>Header Files</Filter>
    </ClInclude>
    <ClInclude Include="PredicateEngine.h">
      <Filter>Header Files</Filter>
    </ClInclude>
    <ClInclude Include="PreParser.h">
      <Filter>Header Files</Filter>
    </ClInclude>
    <ClInclude Include="RandomProcessor.h">
      <Filter>Header Files</Filter>
    </ClInclude>
    <ClInclude Include="Resource.h">
      <Filter>Header Files</Filter>
    </ClInclude>
    <ClInclude Include="Responder.h">
      <Filter>Header Files</Filter>
    </ClInclude>
    <ClInclude Include="SaxParser.h">
      <Filter>Header Files</Filter>
    </ClInclude>
    <ClInclude Include="SecureProcessor.h">
      <Filter>Header Files</Filter>
    </ClInclude>
    <ClInclude Include="SentenceProcessor.h">
      <Filter>Header Files</Filter>
    </ClInclude>
    <ClInclude Include="ServerSocket.h">
      <Filter>Header Files</Filter>
    </ClInclude>
    <ClInclude Include="SetProcessor.h">
      <Filter>Header Files</Filter>
    </ClInclude>
    <ClInclude Include="Socket.h">
      <Filter>Header Files</Filter>
    </ClInclude>
    <ClInclude Include="SocketHandler.h">
      <Filter>Header Files</Filter>
    </ClInclude>
    <ClInclude Include="SraiProcessor.h">
      <Filter>Header Files</Filter>
    </ClInclude>
    <ClInclude Include="SrProcessor.h">
      <Filter>Header Files</Filter>
    </ClInclude>
    <ClInclude Include="StarProcessor.h">
      <Filter>Header Files</Filter>
    </ClInclude>
    <ClInclude Include="StdAfx.h">
      <Filter>Header Files</Filter>
    </ClInclude>
    <ClInclude Include="Stream.h">
      <Filter>Header Files</Filter>
    </ClInclude>
    <ClInclude Include="StringTokenizer.h">
      <Filter>Header Files</Filter>
    </ClInclude>
    <ClInclude Include="SubstituteProcessor.h">
      <Filter>Header Files</Filter>
    </ClInclude>
    <ClInclude Include="Substituter.h">
      <Filter>Header Files</Filter>
    </ClInclude>
    <ClInclude Include="SystemProcessor.h">
      <Filter>Header Files</Filter>
    </ClInclude>
    <ClInclude Include="Template.h">
      <Filter>Header Files</Filter>
    </ClInclude>
    <ClInclude Include="TemplateProcessor.h">
      <Filter>Header Files</Filter>
    </ClInclude>
    <ClInclude Include="ThatProcessor.h">
      <Filter>Header Files</Filter>
    </ClInclude>
    <ClInclude Include="ThatstarProcessor.h">
      <Filter>Header Files</Filter>
    </ClInclude>
    <ClInclude Include="ThinkProcessor.h">
      <Filter>Header Files</Filter>
    </ClInclude>
    <ClInclude Include="TimeKeeper.h">
      <Filter>Header Files</Filter>
    </ClInclude>
    <ClInclude Include="TokenProxyListener.h">
      <Filter>Header Files</Filter>
    </ClInclude>
    <ClInclude Include="TopicstarProcessor.h">
      <Filter>Header Files</Filter>
    </ClInclude>
    <ClInclude Include="UppercaseProcessor.h">
      <Filter>Header Files</Filter>
    </ClInclude>
    <ClInclude Include="Utils.h">
      <Filter>Header Files</Filter>
    </ClInclude>
    <ClInclude Include="VersionProcessor.h">
      <Filter>Header Files</Filter>
    </ClInclude>
    <ClInclude Include="wxwindows.h">
      <Filter>Header Files</Filter>
    </ClInclude>
    <ClInclude Include="XmlSocketResponder.h">
      <Filter>Header Files</Filter>
    </ClInclude>
  </ItemGroup>
  <ItemGroup>
    <CustomBuild Include="alice.def">
      <Filter>Source Files</Filter>
    </CustomBuild>
    <CustomBuild Include="res\alice.rc2">
      <Filter>Resource Files</Filter>
    </CustomBuild>
  </ItemGroup>
</Project>