<?xml version="1.0" encoding="utf-8"?>
<Project ToolsVersion="4.0" xmlns="http://schemas.microsoft.com/developer/msbuild/2003">
  <ItemGroup>
    <Filter Include="Source Files">
      <UniqueIdentifier>{53b93a6c-5a43-45d5-a8b1-ea00dfca7318}</UniqueIdentifier>
      <Extensions>cpp;c;cxx;rc;def;r;odl;idl;hpj;bat</Extensions>
    </Filter>
    <Filter Include="Header Files">
      <UniqueIdentifier>{82137dd8-703c-4884-9ecd-51e4c1e4dec3}</UniqueIdentifier>
      <Extensions>h;hpp;hxx;hm;inl</Extensions>
    </Filter>
    <Filter Include="Resource Files">
      <UniqueIdentifier>{1beab2de-22f1-44bf-8409-22b249e08ae2}</UniqueIdentifier>
      <Extensions>ico;cur;bmp;dlg;rc2;rct;bin;rgs;gif;jpg;jpeg;jpe</Extensions>
    </Filter>
  </ItemGroup>
  <ItemGroup>
    <ClCompile Include="..\..\tibiaauto-pub\sdk\BtnST.cpp">
      <Filter>Source Files</Filter>
    </ClCompile>
    <ClCompile Include="exports.cpp">
      <Filter>Source Files</Filter>
    </ClCompile>
    <ClCompile Include="IPCPipeBack.cpp">
      <Filter>Source Files</Filter>
    </ClCompile>
    <ClCompile Include="MyMenu.cpp">
      <Filter>Source Files</Filter>
    </ClCompile>
    <ClCompile Include="MyMenuData.cpp">
      <Filter>Source Files</Filter>
    </ClCompile>
    <ClCompile Include="protocol.cpp">
      <Filter>Source Files</Filter>
    </ClCompile>
    <ClCompile Include="proxy.cpp">
      <Filter>Source Files</Filter>
    </ClCompile>
    <ClCompile Include="..\..\tibiaauto-pub\sdk\Skin.cpp">
      <Filter>Source Files</Filter>
    </ClCompile>
    <ClCompile Include="StdAfx.cpp">
      <Filter>Source Files</Filter>
    </ClCompile>
    <ClCompile Include="tibiaautoinject2.cpp">
      <Filter>Source Files</Filter>
    </ClCompile>
  </ItemGroup>
  <ItemGroup>
    <ClInclude Include="..\..\tibiaauto-pub\sdk\ipcm.h">
      <Filter>Header Files</Filter>
    </ClInclude>
    <ClInclude Include="IPCPipeBack.h">
      <Filter>Header Files</Filter>
    </ClInclude>
    <ClInclude Include="MyMenu.h">
      <Filter>Header Files</Filter>
    </ClInclude>
    <ClInclude Include="MyMenuData.h">
      <Filter>Header Files</Filter>
    </ClInclude>
    <ClInclude Include="protocol.h">
      <Filter>Header Files</Filter>
    </ClInclude>
    <ClInclude Include="resource.h">
      <Filter>Header Files</Filter>
    </ClInclude>
    <ClInclude Include="StdAfx.h">
      <Filter>Header Files</Filter>
    </ClInclude>
    <ClInclude Include="tibiaautoinject2.h">
      <Filter>Header Files</Filter>
    </ClInclude>
  </ItemGroup>
  <ItemGroup>
    <Image Include="res\testproj.ico">
      <Filter>Resource Files</Filter>
    </Image>
  </ItemGroup>
  <ItemGroup>
    <ResourceCompile Include="tibiaautoinject2.rc">
      <Filter>Resource Files</Filter>
    </ResourceCompile>
  </ItemGroup>
  <ItemGroup>
    <CustomBuild Include="tibiaautoinject2.def">
      <Filter>Header Files</Filter>
    </CustomBuild>
  </ItemGroup>
</Project>