<?xml version="1.0" encoding="utf-8"?>
<Project ToolsVersion="4.0" xmlns="http://schemas.microsoft.com/developer/msbuild/2003">
  <ItemGroup>
    <Filter Include="Source Files">
      <UniqueIdentifier>{ce256f6d-3735-4238-86d6-bdc1f89a3f3a}</UniqueIdentifier>
      <Extensions>cpp;c;cxx;rc;def;r;odl;idl;hpj;bat</Extensions>
    </Filter>
    <Filter Include="Header Files">
      <UniqueIdentifier>{f9b4af30-ed72-4dda-b880-ac780f9e2514}</UniqueIdentifier>
      <Extensions>h;hpp;hxx;hm;inl</Extensions>
    </Filter>
    <Filter Include="Resource Files">
      <UniqueIdentifier>{7264257f-0583-4ac9-a2df-e9f8001586c2}</UniqueIdentifier>
      <Extensions>ico;cur;bmp;dlg;rc2;rct;bin;rgs;gif;jpg;jpeg;jpe</Extensions>
    </Filter>
  </ItemGroup>
  <ItemGroup>
    <ClCompile Include="CreaturesReader.cpp">
      <Filter>Source Files</Filter>
    </ClCompile>
    <ClCompile Include="IPCBackPipe.cpp">
      <Filter>Source Files</Filter>
    </ClCompile>
    <ClCompile Include="MemConstData.cpp">
      <Filter>Source Files</Filter>
    </ClCompile>
    <ClCompile Include="MemReader.cpp">
      <Filter>Source Files</Filter>
    </ClCompile>
    <ClCompile Include="MemUtil.cpp">
      <Filter>Source Files</Filter>
    </ClCompile>
    <ClCompile Include="PackSender.cpp">
      <Filter>Source Files</Filter>
    </ClCompile>
    <ClCompile Include="Queue.cpp">
      <Filter>Source Files</Filter>
    </ClCompile>
    <ClCompile Include="SkinLoader.cpp">
      <Filter>Source Files</Filter>
    </ClCompile>
    <ClCompile Include="StdAfx.cpp">
      <Filter>Source Files</Filter>
    </ClCompile>
    <ClCompile Include="TAMiniMap.cpp">
      <Filter>Source Files</Filter>
    </ClCompile>
    <ClCompile Include="tibiaauto_util.cpp">
      <Filter>Source Files</Filter>
    </ClCompile>
    <ClCompile Include="TibiaCharacter.cpp">
      <Filter>Source Files</Filter>
    </ClCompile>
    <ClCompile Include="TibiaContainer.cpp">
      <Filter>Source Files</Filter>
    </ClCompile>
    <ClCompile Include="TibiaItem.cpp">
      <Filter>Source Files</Filter>
    </ClCompile>
    <ClCompile Include="TibiaMap.cpp">
      <Filter>Source Files</Filter>
    </ClCompile>
    <ClCompile Include="TibiaMapTile.cpp">
      <Filter>Source Files</Filter>
    </ClCompile>
    <ClCompile Include="TibiaMapTileItem.cpp">
      <Filter>Source Files</Filter>
    </ClCompile>
    <ClCompile Include="TibiaVIPEntry.cpp">
      <Filter>Source Files</Filter>
    </ClCompile>
    <ClCompile Include="TileReader.cpp">
      <Filter>Source Files</Filter>
    </ClCompile>
    <ClCompile Include="VariableStore.cpp">
      <Filter>Source Files</Filter>
    </ClCompile>
    <ClCompile Include="GroupBoxEx.cpp">
      <Filter>Source Files</Filter>
    </ClCompile>
    <ClCompile Include="ModuleUtil.cpp">
      <Filter>Source Files</Filter>
    </ClCompile>
    <ClCompile Include="MyDialog.cpp">
      <Filter>Source Files</Filter>
    </ClCompile>
    <ClCompile Include="Skin.cpp">
      <Filter>Source Files</Filter>
    </ClCompile>
    <ClCompile Include="BtnST.cpp">
      <Filter>Source Files</Filter>
    </ClCompile>
    <ClCompile Include="TibiaMapPoint.cpp">
      <Filter>Source Files</Filter>
    </ClCompile>
    <ClCompile Include="TibiaTile.cpp">
      <Filter>Source Files</Filter>
    </ClCompile>
    <ClCompile Include="TibiaStructures.cpp">
      <Filter>Source Files</Filter>
    </ClCompile>
    <ClCompile Include="TibiaMiniMap.cpp">
      <Filter>Source Files</Filter>
    </ClCompile>
    <ClCompile Include="TibiaMiniMapLabel.cpp">
      <Filter>Source Files</Filter>
    </ClCompile>
    <ClCompile Include="TibiaMiniMapPoint.cpp">
      <Filter>Source Files</Filter>
    </ClCompile>
    <ClCompile Include="IModuleInterface.cpp">
      <Filter>Source Files</Filter>
    </ClCompile>
    <ClCompile Include="XTabCtrl.cpp">
      <Filter>Source Files</Filter>
    </ClCompile>
    <ClCompile Include="ComboBoxSuper.cpp">
      <Filter>Source Files</Filter>
    </ClCompile>
    <ClCompile Include="IpcMessage.cpp">
      <Filter>Source Files</Filter>
    </ClCompile>
    <ClCompile Include="SliderCtrlEx.cpp">
      <Filter>Source Files</Filter>
    </ClCompile>
    <ClCompile Include="RepeatButton.cpp">
      <Filter>Source Files</Filter>
    </ClCompile>
    <ClCompile Include="ModuleLoader.cpp">
      <Filter>Source Files</Filter>
    </ClCompile>
    <ClCompile Include="InstallPath.cpp">
      <Filter>Source Files</Filter>
    </ClCompile>
    <ClCompile Include="md5c.cpp">
      <Filter>Source Files</Filter>
    </ClCompile>
    <ClCompile Include="md5class.cpp">
      <Filter>Source Files</Filter>
    </ClCompile>
    <ClCompile Include="Util.cpp">
      <Filter>Source Files</Filter>
    </ClCompile>
  </ItemGroup>
  <ItemGroup>
    <ResourceCompile Include="tibiaauto_util.rc">
      <Filter>Source Files</Filter>
    </ResourceCompile>
  </ItemGroup>
  <ItemGroup>
    <ClInclude Include="CreaturesReader.h">
      <Filter>Header Files</Filter>
    </ClInclude>
    <ClInclude Include="IPCBackPipe.h">
      <Filter>Header Files</Filter>
    </ClInclude>
    <ClInclude Include="MemReader.h">
      <Filter>Header Files</Filter>
    </ClInclude>
    <ClInclude Include="MemUtil.h">
      <Filter>Header Files</Filter>
    </ClInclude>
    <ClInclude Include="PackSender.h">
      <Filter>Header Files</Filter>
    </ClInclude>
    <ClInclude Include="Queue.h">
      <Filter>Header Files</Filter>
    </ClInclude>
    <ClInclude Include="Resource.h">
      <Filter>Header Files</Filter>
    </ClInclude>
    <ClInclude Include="SkinLoader.h">
      <Filter>Header Files</Filter>
    </ClInclude>
    <ClInclude Include="StdAfx.h">
      <Filter>Header Files</Filter>
    </ClInclude>
    <ClInclude Include="TAMiniMap.h">
      <Filter>Header Files</Filter>
    </ClInclude>
    <ClInclude Include="tibiaauto_util.h">
      <Filter>Header Files</Filter>
    </ClInclude>
    <ClInclude Include="TibiaContainer.h">
      <Filter>Header Files</Filter>
    </ClInclude>
    <ClInclude Include="TibiaItem.h">
      <Filter>Header Files</Filter>
    </ClInclude>
    <ClInclude Include="TibiaMap.h">
      <Filter>Header Files</Filter>
    </ClInclude>
    <ClInclude Include="TibiaMapTile.h">
      <Filter>Header Files</Filter>
    </ClInclude>
    <ClInclude Include="TibiaMapTileItem.h">
      <Filter>Header Files</Filter>
    </ClInclude>
    <ClInclude Include="TibiaVIPEntry.h">
      <Filter>Header Files</Filter>
    </ClInclude>
    <ClInclude Include="TileReader.h">
      <Filter>Header Files</Filter>
    </ClInclude>
    <ClInclude Include="VariableStore.h">
      <Filter>Header Files</Filter>
    </ClInclude>
    <ClInclude Include="MemConstData.h">
      <Filter>Header Files</Filter>
    </ClInclude>
    <ClInclude Include="TibiaCharacter.h">
      <Filter>Header Files</Filter>
    </ClInclude>
    <ClInclude Include="GroupBoxEx.h">
      <Filter>Header Files</Filter>
    </ClInclude>
    <ClInclude Include="IModuleInterface.h">
      <Filter>Header Files</Filter>
    </ClInclude>
    <ClInclude Include="ModuleUtil.h">
      <Filter>Header Files</Filter>
    </ClInclude>
    <ClInclude Include="MyDialog.h">
      <Filter>Header Files</Filter>
    </ClInclude>
    <ClInclude Include="Skin.h">
      <Filter>Header Files</Filter>
    </ClInclude>
    <ClInclude Include="BtnST.h">
      <Filter>Header Files</Filter>
    </ClInclude>
    <ClInclude Include="TibiaMapPoint.h">
      <Filter>Header Files</Filter>
    </ClInclude>
    <ClInclude Include="TibiaTile.h">
      <Filter>Header Files</Filter>
    </ClInclude>
    <ClInclude Include="TibiaStructures.h">
      <Filter>Header Files</Filter>
    </ClInclude>
    <ClInclude Include="TibiaMiniMap.h">
      <Filter>Header Files</Filter>
    </ClInclude>
    <ClInclude Include="TibiaMiniMapLabel.h">
      <Filter>Header Files</Filter>
    </ClInclude>
    <ClInclude Include="TibiaMiniMapPoint.h">
      <Filter>Header Files</Filter>
    </ClInclude>
    <ClInclude Include="XTabCtrl.h">
      <Filter>Header Files</Filter>
    </ClInclude>
    <ClInclude Include="ComboBoxSuper.h">
      <Filter>Header Files</Filter>
    </ClInclude>
    <ClInclude Include="IpcMessage.h">
      <Filter>Header Files</Filter>
    </ClInclude>
    <ClInclude Include="SliderCtrlEx.h">
      <Filter>Header Files</Filter>
    </ClInclude>
    <ClInclude Include="RepeatButton.h">
      <Filter>Header Files</Filter>
    </ClInclude>
    <ClInclude Include="InstallPath.h">
      <Filter>Header Files</Filter>
    </ClInclude>
    <ClInclude Include="ModuleLoader.h">
      <Filter>Header Files</Filter>
    </ClInclude>
    <ClInclude Include="MD5.h">
      <Filter>Header Files</Filter>
    </ClInclude>
    <ClInclude Include="md5class.h">
      <Filter>Header Files</Filter>
    </ClInclude>
    <ClInclude Include="Util.h">
      <Filter>Header Files</Filter>
    </ClInclude>
  </ItemGroup>
  <ItemGroup>
    <CustomBuild Include="res\tibiaauto_util.rc2">
      <Filter>Resource Files</Filter>
    </CustomBuild>
    <CustomBuild Include="Tibiaauto_util.rgs">
      <Filter>Resource Files</Filter>
    </CustomBuild>
  </ItemGroup>
</Project>